# This file is automatically @generated by Poetry 1.6.1 and should not be changed by hand.

[[package]]
name = "colorama"
version = "0.4.6"
description = "Cross-platform colored terminal text."
optional = false
python-versions = "!=3.0.*,!=3.1.*,!=3.2.*,!=3.3.*,!=3.4.*,!=3.5.*,!=3.6.*,>=2.7"
files = [
    {file = "colorama-0.4.6-py2.py3-none-any.whl", hash = "sha256:4f1d9991f5acc0ca119f9d443620b77f9d6b33703e51011c16baf57afb285fc6"},
    {file = "colorama-0.4.6.tar.gz", hash = "sha256:08695f5cb7ed6e0531a20572697297273c47b8cae5a63ffc6d6ed5c201be6e44"},
]

[[package]]
name = "numpy"
version = "1.26.4"
description = "Fundamental package for array computing in Python"
optional = false
python-versions = ">=3.9"
files = [
    {file = "numpy-1.26.4-cp310-cp310-macosx_10_9_x86_64.whl", hash = "sha256:9ff0f4f29c51e2803569d7a51c2304de5554655a60c5d776e35b4a41413830d0"},
    {file = "numpy-1.26.4-cp310-cp310-macosx_11_0_arm64.whl", hash = "sha256:2e4ee3380d6de9c9ec04745830fd9e2eccb3e6cf790d39d7b98ffd19b0dd754a"},
    {file = "numpy-1.26.4-cp310-cp310-manylinux_2_17_aarch64.manylinux2014_aarch64.whl", hash = "sha256:d209d8969599b27ad20994c8e41936ee0964e6da07478d6c35016bc386b66ad4"},
    {file = "numpy-1.26.4-cp310-cp310-manylinux_2_17_x86_64.manylinux2014_x86_64.whl", hash = "sha256:ffa75af20b44f8dba823498024771d5ac50620e6915abac414251bd971b4529f"},
    {file = "numpy-1.26.4-cp310-cp310-musllinux_1_1_aarch64.whl", hash = "sha256:62b8e4b1e28009ef2846b4c7852046736bab361f7aeadeb6a5b89ebec3c7055a"},
    {file = "numpy-1.26.4-cp310-cp310-musllinux_1_1_x86_64.whl", hash = "sha256:a4abb4f9001ad2858e7ac189089c42178fcce737e4169dc61321660f1a96c7d2"},
    {file = "numpy-1.26.4-cp310-cp310-win32.whl", hash = "sha256:bfe25acf8b437eb2a8b2d49d443800a5f18508cd811fea3181723922a8a82b07"},
    {file = "numpy-1.26.4-cp310-cp310-win_amd64.whl", hash = "sha256:b97fe8060236edf3662adfc2c633f56a08ae30560c56310562cb4f95500022d5"},
    {file = "numpy-1.26.4-cp311-cp311-macosx_10_9_x86_64.whl", hash = "sha256:4c66707fabe114439db9068ee468c26bbdf909cac0fb58686a42a24de1760c71"},
    {file = "numpy-1.26.4-cp311-cp311-macosx_11_0_arm64.whl", hash = "sha256:edd8b5fe47dab091176d21bb6de568acdd906d1887a4584a15a9a96a1dca06ef"},
    {file = "numpy-1.26.4-cp311-cp311-manylinux_2_17_aarch64.manylinux2014_aarch64.whl", hash = "sha256:7ab55401287bfec946ced39700c053796e7cc0e3acbef09993a9ad2adba6ca6e"},
    {file = "numpy-1.26.4-cp311-cp311-manylinux_2_17_x86_64.manylinux2014_x86_64.whl", hash = "sha256:666dbfb6ec68962c033a450943ded891bed2d54e6755e35e5835d63f4f6931d5"},
    {file = "numpy-1.26.4-cp311-cp311-musllinux_1_1_aarch64.whl", hash = "sha256:96ff0b2ad353d8f990b63294c8986f1ec3cb19d749234014f4e7eb0112ceba5a"},
    {file = "numpy-1.26.4-cp311-cp311-musllinux_1_1_x86_64.whl", hash = "sha256:60dedbb91afcbfdc9bc0b1f3f402804070deed7392c23eb7a7f07fa857868e8a"},
    {file = "numpy-1.26.4-cp311-cp311-win32.whl", hash = "sha256:1af303d6b2210eb850fcf03064d364652b7120803a0b872f5211f5234b399f20"},
    {file = "numpy-1.26.4-cp311-cp311-win_amd64.whl", hash = "sha256:cd25bcecc4974d09257ffcd1f098ee778f7834c3ad767fe5db785be9a4aa9cb2"},
    {file = "numpy-1.26.4-cp312-cp312-macosx_10_9_x86_64.whl", hash = "sha256:b3ce300f3644fb06443ee2222c2201dd3a89ea6040541412b8fa189341847218"},
    {file = "numpy-1.26.4-cp312-cp312-macosx_11_0_arm64.whl", hash = "sha256:03a8c78d01d9781b28a6989f6fa1bb2c4f2d51201cf99d3dd875df6fbd96b23b"},
    {file = "numpy-1.26.4-cp312-cp312-manylinux_2_17_aarch64.manylinux2014_aarch64.whl", hash = "sha256:9fad7dcb1aac3c7f0584a5a8133e3a43eeb2fe127f47e3632d43d677c66c102b"},
    {file = "numpy-1.26.4-cp312-cp312-manylinux_2_17_x86_64.manylinux2014_x86_64.whl", hash = "sha256:675d61ffbfa78604709862923189bad94014bef562cc35cf61d3a07bba02a7ed"},
    {file = "numpy-1.26.4-cp312-cp312-musllinux_1_1_aarch64.whl", hash = "sha256:ab47dbe5cc8210f55aa58e4805fe224dac469cde56b9f731a4c098b91917159a"},
    {file = "numpy-1.26.4-cp312-cp312-musllinux_1_1_x86_64.whl", hash = "sha256:1dda2e7b4ec9dd512f84935c5f126c8bd8b9f2fc001e9f54af255e8c5f16b0e0"},
    {file = "numpy-1.26.4-cp312-cp312-win32.whl", hash = "sha256:50193e430acfc1346175fcbdaa28ffec49947a06918b7b92130744e81e640110"},
    {file = "numpy-1.26.4-cp312-cp312-win_amd64.whl", hash = "sha256:08beddf13648eb95f8d867350f6a018a4be2e5ad54c8d8caed89ebca558b2818"},
    {file = "numpy-1.26.4-cp39-cp39-macosx_10_9_x86_64.whl", hash = "sha256:7349ab0fa0c429c82442a27a9673fc802ffdb7c7775fad780226cb234965e53c"},
    {file = "numpy-1.26.4-cp39-cp39-macosx_11_0_arm64.whl", hash = "sha256:52b8b60467cd7dd1e9ed082188b4e6bb35aa5cdd01777621a1658910745b90be"},
    {file = "numpy-1.26.4-cp39-cp39-manylinux_2_17_aarch64.manylinux2014_aarch64.whl", hash = "sha256:d5241e0a80d808d70546c697135da2c613f30e28251ff8307eb72ba696945764"},
    {file = "numpy-1.26.4-cp39-cp39-manylinux_2_17_x86_64.manylinux2014_x86_64.whl", hash = "sha256:f870204a840a60da0b12273ef34f7051e98c3b5961b61b0c2c1be6dfd64fbcd3"},
    {file = "numpy-1.26.4-cp39-cp39-musllinux_1_1_aarch64.whl", hash = "sha256:679b0076f67ecc0138fd2ede3a8fd196dddc2ad3254069bcb9faf9a79b1cebcd"},
    {file = "numpy-1.26.4-cp39-cp39-musllinux_1_1_x86_64.whl", hash = "sha256:47711010ad8555514b434df65f7d7b076bb8261df1ca9bb78f53d3b2db02e95c"},
    {file = "numpy-1.26.4-cp39-cp39-win32.whl", hash = "sha256:a354325ee03388678242a4d7ebcd08b5c727033fcff3b2f536aea978e15ee9e6"},
    {file = "numpy-1.26.4-cp39-cp39-win_amd64.whl", hash = "sha256:3373d5d70a5fe74a2c1bb6d2cfd9609ecf686d47a2d7b1d37a8f3b6bf6003aea"},
    {file = "numpy-1.26.4-pp39-pypy39_pp73-macosx_10_9_x86_64.whl", hash = "sha256:afedb719a9dcfc7eaf2287b839d8198e06dcd4cb5d276a3df279231138e83d30"},
    {file = "numpy-1.26.4-pp39-pypy39_pp73-manylinux_2_17_x86_64.manylinux2014_x86_64.whl", hash = "sha256:95a7476c59002f2f6c590b9b7b998306fba6a5aa646b1e22ddfeaf8f78c3a29c"},
    {file = "numpy-1.26.4-pp39-pypy39_pp73-win_amd64.whl", hash = "sha256:7e50d0a0cc3189f9cb0aeb3a6a6af18c16f59f004b866cd2be1c14b36134a4a0"},
    {file = "numpy-1.26.4.tar.gz", hash = "sha256:2a02aba9ed12e4ac4eb3ea9421c420301a0c6460d9830d74a9df87efa4912010"},
]

[[package]]
name = "python-rapidjson"
version = "1.14"
description = "Python wrapper around rapidjson"
optional = false
python-versions = ">=3.6"
files = [
    {file = "python-rapidjson-1.14.tar.gz", hash = "sha256:26806f0a658c34b48d2951d8d3f846ca9deb93a34e664ef436db632a188b6779"},
    {file = "python_rapidjson-1.14-cp310-cp310-macosx_10_9_x86_64.whl", hash = "sha256:d93de3501eab05e546135c42154e99f3b580e1c74ac26b5a7e92877756cc4b21"},
    {file = "python_rapidjson-1.14-cp310-cp310-macosx_11_0_arm64.whl", hash = "sha256:40ea40077c88645c9f149c77285568dc3e0c9e91bc6a90f283109e5c89011c73"},
    {file = "python_rapidjson-1.14-cp310-cp310-manylinux_2_17_aarch64.manylinux2014_aarch64.whl", hash = "sha256:6a5231bf3a539125dcd19951f1db4568a2423cb21978f8bec95eda60fcc45f23"},
    {file = "python_rapidjson-1.14-cp310-cp310-manylinux_2_17_ppc64le.manylinux2014_ppc64le.whl", hash = "sha256:b9d34b28f47a96aae6f697eb09febf9cac81a9e7cef2f55b02bcee2b1650d994"},
    {file = "python_rapidjson-1.14-cp310-cp310-manylinux_2_17_x86_64.manylinux2014_x86_64.whl", hash = "sha256:f0ce716f9d8c2eb5ccd2807dbfd969e84f7ca86b09b9b56be27c1dee57dfaa9c"},
    {file = "python_rapidjson-1.14-cp310-cp310-manylinux_2_5_i686.manylinux1_i686.manylinux_2_17_i686.manylinux2014_i686.whl", hash = "sha256:4fba1cba0ad8cbb2292bba74d8440348f4bb9f260dd7654af485bfd38f2cecce"},
    {file = "python_rapidjson-1.14-cp310-cp310-musllinux_1_1_aarch64.whl", hash = "sha256:b4511becaccd7fce656173e30fae8eb93a2f456461318aba9c6653f426e4a574"},
    {file = "python_rapidjson-1.14-cp310-cp310-musllinux_1_1_i686.whl", hash = "sha256:8dfea0dbe9e307795befbce08d59c93b7f41ce7aa70c58aeb1496054ea18fd62"},
    {file = "python_rapidjson-1.14-cp310-cp310-musllinux_1_1_ppc64le.whl", hash = "sha256:b2aef38881acdd5b7bc191e95ae6c5bc18d97339fb42e38163a2ebd4dfd5e13d"},
    {file = "python_rapidjson-1.14-cp310-cp310-musllinux_1_1_x86_64.whl", hash = "sha256:449180f5f3cdee5dd7190ac06b147e3f4ca876abdf001a586ddde2c8c9ce6184"},
    {file = "python_rapidjson-1.14-cp310-cp310-win32.whl", hash = "sha256:79541cab64fe531b5ad8050004393fcd1ed4d73632abac57293e7230a7a6c349"},
    {file = "python_rapidjson-1.14-cp310-cp310-win_amd64.whl", hash = "sha256:c9b7857ebc3717035bf12e05ab05d3ba18255408776ab55a9b0658337a803d16"},
    {file = "python_rapidjson-1.14-cp311-cp311-macosx_10_9_x86_64.whl", hash = "sha256:7dacc5074f4a65588fbbcc309b0e3112c1b204dda647d5340e68c91a9bc15718"},
    {file = "python_rapidjson-1.14-cp311-cp311-macosx_11_0_arm64.whl", hash = "sha256:8f6e7b870857d9879076a5de11eb28eec978fd6aa2578af6178c56532c8bd4dd"},
    {file = "python_rapidjson-1.14-cp311-cp311-manylinux_2_17_aarch64.manylinux2014_aarch64.whl", hash = "sha256:f7ce2132531643fa9c2935146e28875c60a79fa0de1afc86951a2b09ef04b40a"},
    {file = "python_rapidjson-1.14-cp311-cp311-manylinux_2_17_ppc64le.manylinux2014_ppc64le.whl", hash = "sha256:6ef02eb912f9972772e1f8d3c87e90276c562d6641b87afe06728457fe63b3e9"},
    {file = "python_rapidjson-1.14-cp311-cp311-manylinux_2_17_x86_64.manylinux2014_x86_64.whl", hash = "sha256:1d2dfbbaa3be9f4cff96b89a2f2dc25589d50db00ff44799fc575775628342e8"},
    {file = "python_rapidjson-1.14-cp311-cp311-manylinux_2_5_i686.manylinux1_i686.manylinux_2_17_i686.manylinux2014_i686.whl", hash = "sha256:5f923a0e6f204145589dd451f99724ebbe10cc74750eecc4fef38f330d954c11"},
    {file = "python_rapidjson-1.14-cp311-cp311-musllinux_1_1_aarch64.whl", hash = "sha256:e80b3f618b34f9772e8691ed3fcb64eae703182267e217c18cbac5c8417ee6cd"},
    {file = "python_rapidjson-1.14-cp311-cp311-musllinux_1_1_i686.whl", hash = "sha256:2afd65129f71e850286c52386d4a0d9020aca536f7dfb5e382a02e68922ec887"},
    {file = "python_rapidjson-1.14-cp311-cp311-musllinux_1_1_ppc64le.whl", hash = "sha256:030c921779b225c9b4765dcfafecc7b18d2d9ded15529718bf8320d3f23ef428"},
    {file = "python_rapidjson-1.14-cp311-cp311-musllinux_1_1_x86_64.whl", hash = "sha256:d9c22ec1d1d7d1a4fb7f80815f2d75c6f6880f6c98a243c5bd04a77c2cef2a1b"},
    {file = "python_rapidjson-1.14-cp311-cp311-win32.whl", hash = "sha256:a03b4a7e5d2ef45a5e10eb6f75dbe504a3fc946e225cc1684fe3b6977210e234"},
    {file = "python_rapidjson-1.14-cp311-cp311-win_amd64.whl", hash = "sha256:a26c97b44586d718239f709151e98a1f8de96f0b932f508ad4b81673eda87c8e"},
    {file = "python_rapidjson-1.14-cp312-cp312-macosx_10_9_x86_64.whl", hash = "sha256:bdf4841848597259a1d8ca6ebbd4b2843a116f84bc722d1675800105902c6e74"},
    {file = "python_rapidjson-1.14-cp312-cp312-macosx_11_0_arm64.whl", hash = "sha256:3c1f11c2283f97817fe6dbf677569f297e9295c7856683e1e11fbac27b745fee"},
    {file = "python_rapidjson-1.14-cp312-cp312-manylinux_2_17_aarch64.manylinux2014_aarch64.whl", hash = "sha256:8b25c0db4a5cd2d3ac46643a70000d9499293b178f4677021ca87a8c87d4e52a"},
    {file = "python_rapidjson-1.14-cp312-cp312-manylinux_2_17_ppc64le.manylinux2014_ppc64le.whl", hash = "sha256:36d7269b23b79cf35315026fcc257ac6d2ac10a1d67f86e9d69484bef79b96fa"},
    {file = "python_rapidjson-1.14-cp312-cp312-manylinux_2_17_x86_64.manylinux2014_x86_64.whl", hash = "sha256:c05049fbc970be416522e4f68a3a55252a375065ddef78b2a821c64e9bfe8c3e"},
    {file = "python_rapidjson-1.14-cp312-cp312-manylinux_2_5_i686.manylinux1_i686.manylinux_2_17_i686.manylinux2014_i686.whl", hash = "sha256:012bdf6380ef6f807fd39b36c315548ad1de2f75346487d33a3326e4b2d7427b"},
    {file = "python_rapidjson-1.14-cp312-cp312-musllinux_1_1_aarch64.whl", hash = "sha256:43b53d5136de86e58591f645352544f4ca7471f675f51dd971bb04df847e9b39"},
    {file = "python_rapidjson-1.14-cp312-cp312-musllinux_1_1_i686.whl", hash = "sha256:150c464f5a7273cdf3caf21050724dc3746a5e6632c3a38206a4e49827e4d0ab"},
    {file = "python_rapidjson-1.14-cp312-cp312-musllinux_1_1_ppc64le.whl", hash = "sha256:0721d58740a00504711773fbb4380d7b4abf575a05f6dd348e259e3d4eab9c1e"},
    {file = "python_rapidjson-1.14-cp312-cp312-musllinux_1_1_x86_64.whl", hash = "sha256:5b3d72fd0997505c9ee16a1f92b589de029551bc0fbaa30f1cac63fdba6f7ad4"},
    {file = "python_rapidjson-1.14-cp312-cp312-win32.whl", hash = "sha256:2c36878511b9be19194a8c655113eafbab2f08c4e60856a84acbf81088520bb9"},
    {file = "python_rapidjson-1.14-cp312-cp312-win_amd64.whl", hash = "sha256:3d668824d110277547c186e8cea7de435ea592af33598579e5a9ff6f5c642847"},
    {file = "python_rapidjson-1.14-cp38-cp38-macosx_10_9_x86_64.whl", hash = "sha256:9a92ee79be231f94bfa7e62095dfffcb9ea032fc79526a8f072c9ab8d5ab8c14"},
    {file = "python_rapidjson-1.14-cp38-cp38-macosx_11_0_arm64.whl", hash = "sha256:bfe254cf72a58dee14b00eb423b6450b7290d509acabbde701cbde793bf8e177"},
    {file = "python_rapidjson-1.14-cp38-cp38-manylinux_2_17_aarch64.manylinux2014_aarch64.whl", hash = "sha256:2abcce7f4bb0cf4ecd3df7755f03798a7250cb5f584f263d4e045478f7b4b8a4"},
    {file = "python_rapidjson-1.14-cp38-cp38-manylinux_2_17_ppc64le.manylinux2014_ppc64le.whl", hash = "sha256:2f83e62cebafe42efd6e219479be35dff88f6ea0a98b8651129cc721c2736124"},
    {file = "python_rapidjson-1.14-cp38-cp38-manylinux_2_17_x86_64.manylinux2014_x86_64.whl", hash = "sha256:ef26c5af200148365fc41fd5594ac393065952baec26a9c37900925ea3575588"},
    {file = "python_rapidjson-1.14-cp38-cp38-manylinux_2_5_i686.manylinux1_i686.manylinux_2_17_i686.manylinux2014_i686.whl", hash = "sha256:79bef625d8debbd5170f01554e7986087625066bc24b37ca1ed1deea48f371bc"},
    {file = "python_rapidjson-1.14-cp38-cp38-musllinux_1_1_aarch64.whl", hash = "sha256:df8729273cd1bc8e8514b8c9b28cb2861d1f055a16103e962f99f376fb9447cb"},
    {file = "python_rapidjson-1.14-cp38-cp38-musllinux_1_1_i686.whl", hash = "sha256:a8d08eee8fe2fdd633238e4513ea37ff1dd45b34baa5d4204226043d885e7f99"},
    {file = "python_rapidjson-1.14-cp38-cp38-musllinux_1_1_ppc64le.whl", hash = "sha256:6dcac7681c17ef91beb346d1dd6f517dc7b1f20359194ebe4691fc0a496712d9"},
    {file = "python_rapidjson-1.14-cp38-cp38-musllinux_1_1_x86_64.whl", hash = "sha256:43a4746f4e7d94b8516add40bffd28feb394578505ffb1df30837482222b229f"},
    {file = "python_rapidjson-1.14-cp38-cp38-win32.whl", hash = "sha256:7e0008dbca662bd4ed043f570ce0f80e6f89d0ea789cd12cbb3ffc2101e7889e"},
    {file = "python_rapidjson-1.14-cp38-cp38-win_amd64.whl", hash = "sha256:bce51e5570881215dd5d8ffe7150578cbe0882cf9eebc8d2bbd6c7f20bfb17dc"},
    {file = "python_rapidjson-1.14-cp39-cp39-macosx_10_9_x86_64.whl", hash = "sha256:2f798972be1696b8070d4f6e0fb69d0785f6666a278bbba5073ce1af901cbac5"},
    {file = "python_rapidjson-1.14-cp39-cp39-macosx_11_0_arm64.whl", hash = "sha256:ad80879a0f2a65ab7ddac64f08b5c686dcbdb31168beca70a58fc07ddbe5bad2"},
    {file = "python_rapidjson-1.14-cp39-cp39-manylinux_2_17_aarch64.manylinux2014_aarch64.whl", hash = "sha256:8a820209ad42b62c16c96aca5653edc31bf3d93fdb8d822ea2f15b5aedd80974"},
    {file = "python_rapidjson-1.14-cp39-cp39-manylinux_2_17_ppc64le.manylinux2014_ppc64le.whl", hash = "sha256:77a9a31dd71737f3ab6508d4182be54241949b959d92260ffd29e5199973f1b4"},
    {file = "python_rapidjson-1.14-cp39-cp39-manylinux_2_17_x86_64.manylinux2014_x86_64.whl", hash = "sha256:1c993c0d60a50ae8233e184ce48840626ea017c3154aa72995910587860c1bcb"},
    {file = "python_rapidjson-1.14-cp39-cp39-manylinux_2_5_i686.manylinux1_i686.manylinux_2_17_i686.manylinux2014_i686.whl", hash = "sha256:d70de908184593261ea20084419d5e2419134e3b37bb7df2bfd22996ad2d51ad"},
    {file = "python_rapidjson-1.14-cp39-cp39-musllinux_1_1_aarch64.whl", hash = "sha256:afd9d5dea1e9237af093b7477c097f1073b402d6d3797378068f6c560c90f0c6"},
    {file = "python_rapidjson-1.14-cp39-cp39-musllinux_1_1_i686.whl", hash = "sha256:968f747bf4374c14e4f3c7e6a60fe2b15c7e738a705183c71707d6390964e646"},
    {file = "python_rapidjson-1.14-cp39-cp39-musllinux_1_1_ppc64le.whl", hash = "sha256:37055e7c0ca0823965189c544193db9f0402aed2632779797a67660e4bf7e53c"},
    {file = "python_rapidjson-1.14-cp39-cp39-musllinux_1_1_x86_64.whl", hash = "sha256:a40ed1dea1259480efbabdafd4741b790dbef79cbb5e9344b22757e224148088"},
    {file = "python_rapidjson-1.14-cp39-cp39-win32.whl", hash = "sha256:bf432624e462a9942e384d3c954d3085530765cedb72c877fd110f6eca5528e5"},
    {file = "python_rapidjson-1.14-cp39-cp39-win_amd64.whl", hash = "sha256:f827fc652ab51e3777b375d17867132351eb9b4e53578a139c24fb5c559fdb45"},
]

[[package]]
name = "tqdm"
version = "4.66.2"
description = "Fast, Extensible Progress Meter"
optional = false
python-versions = ">=3.7"
files = [
    {file = "tqdm-4.66.2-py3-none-any.whl", hash = "sha256:1ee4f8a893eb9bef51c6e35730cebf234d5d0b6bd112b0271e10ed7c24a02bd9"},
    {file = "tqdm-4.66.2.tar.gz", hash = "sha256:6cd52cdf0fef0e0f543299cfc96fec90d7b8a7e88745f411ec33eb44d5ed3531"},
]

[package.dependencies]
colorama = {version = "*", markers = "platform_system == \"Windows\""}

[package.extras]
dev = ["pytest (>=6)", "pytest-cov", "pytest-timeout", "pytest-xdist"]
notebook = ["ipywidgets (>=6)"]
slack = ["slack-sdk"]
telegram = ["requests"]

[[package]]
name = "tritonclient"
version = "2.42.0"
description = "Python client library and utilities for communicating with Triton Inference Server"
optional = false
python-versions = "*"
files = [
    {file = "tritonclient-2.42.0-py3-none-any.whl", hash = "sha256:995ca38423de6fa495d92de4b6b739b2716aae2fcb30dddf31628ff771109ebd"},
    {file = "tritonclient-2.42.0-py3-none-manylinux1_x86_64.whl", hash = "sha256:9408c96b8eb35bb5daf081cb462ff35412174a6c4216c52d8c61195c9d551772"},
    {file = "tritonclient-2.42.0-py3-none-manylinux2014_aarch64.whl", hash = "sha256:f59f8c2a098ec1574bcf853888a008d896e029d295e4d32ffcfa8726783fd42f"},
]

[package.dependencies]
numpy = ">=1.19.1"
python-rapidjson = ">=0.9.1"
urllib3 = ">=2.0.7"

[package.extras]
all = ["aiohttp (>=3.8.1,<4.0.0)", "cuda-python", "geventhttpclient (>=1.4.4,<=2.0.2)", "grpcio (>=1.41.0)", "numpy (>=1.19.1)", "packaging (>=14.1)", "protobuf (>=3.5.0,<5)", "python-rapidjson (>=0.9.1)"]
cuda = ["cuda-python"]
grpc = ["grpcio (>=1.41.0)", "numpy (>=1.19.1)", "packaging (>=14.1)", "protobuf (>=3.5.0,<5)", "python-rapidjson (>=0.9.1)"]
http = ["aiohttp (>=3.8.1,<4.0.0)", "geventhttpclient (>=1.4.4,<=2.0.2)", "numpy (>=1.19.1)", "python-rapidjson (>=0.9.1)"]

[[package]]
name = "urllib3"
version = "2.2.1"
description = "HTTP library with thread-safe connection pooling, file post, and more."
optional = false
python-versions = ">=3.8"
files = [
    {file = "urllib3-2.2.1-py3-none-any.whl", hash = "sha256:450b20ec296a467077128bff42b73080516e71b56ff59a60a02bef2232c4fa9d"},
    {file = "urllib3-2.2.1.tar.gz", hash = "sha256:d0570876c61ab9e520d776c38acbbb5b05a776d3f9ff98a5c8fd5162a444cf19"},
]

[package.extras]
brotli = ["brotli (>=1.0.9)", "brotlicffi (>=0.8.0)"]
h2 = ["h2 (>=4,<5)"]
socks = ["pysocks (>=1.5.6,!=1.5.7,<2.0)"]
zstd = ["zstandard (>=0.18.0)"]

[metadata]
lock-version = "2.0"
python-versions = "^3.9"
content-hash = "7bc9760c1af85ca11b39144594cd9f2ac9866dfd3c638cd6ecaf8cc19e2512b7"
