# This file is automatically @generated by Poetry 1.6.1 and should not be changed by hand.

[[package]]
name = "colorama"
version = "0.4.6"
description = "Cross-platform colored terminal text."
optional = false
python-versions = "!=3.0.*,!=3.1.*,!=3.2.*,!=3.3.*,!=3.4.*,!=3.5.*,!=3.6.*,>=2.7"
files = [
    {file = "colorama-0.4.6-py2.py3-none-any.whl", hash = "sha256:4f1d9991f5acc0ca119f9d443620b77f9d6b33703e51011c16baf57afb285fc6"},
    {file = "colorama-0.4.6.tar.gz", hash = "sha256:08695f5cb7ed6e0531a20572697297273c47b8cae5a63ffc6d6ed5c201be6e44"},
]

[[package]]
name = "grpcio"
version = "1.60.1"
description = "HTTP/2-based RPC framework"
optional = false
python-versions = ">=3.7"
files = [
    {file = "grpcio-1.60.1-cp310-cp310-linux_armv7l.whl", hash = "sha256:14e8f2c84c0832773fb3958240c69def72357bc11392571f87b2d7b91e0bb092"},
    {file = "grpcio-1.60.1-cp310-cp310-macosx_12_0_universal2.whl", hash = "sha256:33aed0a431f5befeffd9d346b0fa44b2c01aa4aeae5ea5b2c03d3e25e0071216"},
    {file = "grpcio-1.60.1-cp310-cp310-manylinux_2_17_aarch64.whl", hash = "sha256:fead980fbc68512dfd4e0c7b1f5754c2a8e5015a04dea454b9cada54a8423525"},
    {file = "grpcio-1.60.1-cp310-cp310-manylinux_2_17_i686.manylinux2014_i686.whl", hash = "sha256:082081e6a36b6eb5cf0fd9a897fe777dbb3802176ffd08e3ec6567edd85bc104"},
    {file = "grpcio-1.60.1-cp310-cp310-manylinux_2_17_x86_64.manylinux2014_x86_64.whl", hash = "sha256:55ccb7db5a665079d68b5c7c86359ebd5ebf31a19bc1a91c982fd622f1e31ff2"},
    {file = "grpcio-1.60.1-cp310-cp310-musllinux_1_1_i686.whl", hash = "sha256:9b54577032d4f235452f77a83169b6527bf4b77d73aeada97d45b2aaf1bf5ce0"},
    {file = "grpcio-1.60.1-cp310-cp310-musllinux_1_1_x86_64.whl", hash = "sha256:7d142bcd604166417929b071cd396aa13c565749a4c840d6c702727a59d835eb"},
    {file = "grpcio-1.60.1-cp310-cp310-win32.whl", hash = "sha256:2a6087f234cb570008a6041c8ffd1b7d657b397fdd6d26e83d72283dae3527b1"},
    {file = "grpcio-1.60.1-cp310-cp310-win_amd64.whl", hash = "sha256:f2212796593ad1d0235068c79836861f2201fc7137a99aa2fea7beeb3b101177"},
    {file = "grpcio-1.60.1-cp311-cp311-linux_armv7l.whl", hash = "sha256:79ae0dc785504cb1e1788758c588c711f4e4a0195d70dff53db203c95a0bd303"},
    {file = "grpcio-1.60.1-cp311-cp311-macosx_10_10_universal2.whl", hash = "sha256:4eec8b8c1c2c9b7125508ff7c89d5701bf933c99d3910e446ed531cd16ad5d87"},
    {file = "grpcio-1.60.1-cp311-cp311-manylinux_2_17_aarch64.whl", hash = "sha256:8c9554ca8e26241dabe7951aa1fa03a1ba0856688ecd7e7bdbdd286ebc272e4c"},
    {file = "grpcio-1.60.1-cp311-cp311-manylinux_2_17_i686.manylinux2014_i686.whl", hash = "sha256:91422ba785a8e7a18725b1dc40fbd88f08a5bb4c7f1b3e8739cab24b04fa8a03"},
    {file = "grpcio-1.60.1-cp311-cp311-manylinux_2_17_x86_64.manylinux2014_x86_64.whl", hash = "sha256:cba6209c96828711cb7c8fcb45ecef8c8859238baf15119daa1bef0f6c84bfe7"},
    {file = "grpcio-1.60.1-cp311-cp311-musllinux_1_1_i686.whl", hash = "sha256:c71be3f86d67d8d1311c6076a4ba3b75ba5703c0b856b4e691c9097f9b1e8bd2"},
    {file = "grpcio-1.60.1-cp311-cp311-musllinux_1_1_x86_64.whl", hash = "sha256:af5ef6cfaf0d023c00002ba25d0751e5995fa0e4c9eec6cd263c30352662cbce"},
    {file = "grpcio-1.60.1-cp311-cp311-win32.whl", hash = "sha256:a09506eb48fa5493c58f946c46754ef22f3ec0df64f2b5149373ff31fb67f3dd"},
    {file = "grpcio-1.60.1-cp311-cp311-win_amd64.whl", hash = "sha256:49c9b6a510e3ed8df5f6f4f3c34d7fbf2d2cae048ee90a45cd7415abab72912c"},
    {file = "grpcio-1.60.1-cp312-cp312-linux_armv7l.whl", hash = "sha256:b58b855d0071575ea9c7bc0d84a06d2edfbfccec52e9657864386381a7ce1ae9"},
    {file = "grpcio-1.60.1-cp312-cp312-macosx_10_10_universal2.whl", hash = "sha256:a731ac5cffc34dac62053e0da90f0c0b8560396a19f69d9703e88240c8f05858"},
    {file = "grpcio-1.60.1-cp312-cp312-manylinux_2_17_aarch64.whl", hash = "sha256:cf77f8cf2a651fbd869fbdcb4a1931464189cd210abc4cfad357f1cacc8642a6"},
    {file = "grpcio-1.60.1-cp312-cp312-manylinux_2_17_i686.manylinux2014_i686.whl", hash = "sha256:c557e94e91a983e5b1e9c60076a8fd79fea1e7e06848eb2e48d0ccfb30f6e073"},
    {file = "grpcio-1.60.1-cp312-cp312-manylinux_2_17_x86_64.manylinux2014_x86_64.whl", hash = "sha256:069fe2aeee02dfd2135d562d0663fe70fbb69d5eed6eb3389042a7e963b54de8"},
    {file = "grpcio-1.60.1-cp312-cp312-musllinux_1_1_i686.whl", hash = "sha256:cb0af13433dbbd1c806e671d81ec75bd324af6ef75171fd7815ca3074fe32bfe"},
    {file = "grpcio-1.60.1-cp312-cp312-musllinux_1_1_x86_64.whl", hash = "sha256:2f44c32aef186bbba254129cea1df08a20be414144ac3bdf0e84b24e3f3b2e05"},
    {file = "grpcio-1.60.1-cp312-cp312-win32.whl", hash = "sha256:a212e5dea1a4182e40cd3e4067ee46be9d10418092ce3627475e995cca95de21"},
    {file = "grpcio-1.60.1-cp312-cp312-win_amd64.whl", hash = "sha256:6e490fa5f7f5326222cb9f0b78f207a2b218a14edf39602e083d5f617354306f"},
    {file = "grpcio-1.60.1-cp37-cp37m-linux_armv7l.whl", hash = "sha256:4216e67ad9a4769117433814956031cb300f85edc855252a645a9a724b3b6594"},
    {file = "grpcio-1.60.1-cp37-cp37m-macosx_10_10_universal2.whl", hash = "sha256:73e14acd3d4247169955fae8fb103a2b900cfad21d0c35f0dcd0fdd54cd60367"},
    {file = "grpcio-1.60.1-cp37-cp37m-manylinux_2_17_aarch64.whl", hash = "sha256:6ecf21d20d02d1733e9c820fb5c114c749d888704a7ec824b545c12e78734d1c"},
    {file = "grpcio-1.60.1-cp37-cp37m-manylinux_2_17_i686.manylinux2014_i686.whl", hash = "sha256:33bdea30dcfd4f87b045d404388469eb48a48c33a6195a043d116ed1b9a0196c"},
    {file = "grpcio-1.60.1-cp37-cp37m-manylinux_2_17_x86_64.manylinux2014_x86_64.whl", hash = "sha256:53b69e79d00f78c81eecfb38f4516080dc7f36a198b6b37b928f1c13b3c063e9"},
    {file = "grpcio-1.60.1-cp37-cp37m-musllinux_1_1_i686.whl", hash = "sha256:39aa848794b887120b1d35b1b994e445cc028ff602ef267f87c38122c1add50d"},
    {file = "grpcio-1.60.1-cp37-cp37m-musllinux_1_1_x86_64.whl", hash = "sha256:72153a0d2e425f45b884540a61c6639436ddafa1829a42056aa5764b84108b8e"},
    {file = "grpcio-1.60.1-cp37-cp37m-win_amd64.whl", hash = "sha256:50d56280b482875d1f9128ce596e59031a226a8b84bec88cb2bf76c289f5d0de"},
    {file = "grpcio-1.60.1-cp38-cp38-linux_armv7l.whl", hash = "sha256:6d140bdeb26cad8b93c1455fa00573c05592793c32053d6e0016ce05ba267549"},
    {file = "grpcio-1.60.1-cp38-cp38-macosx_10_10_universal2.whl", hash = "sha256:bc808924470643b82b14fe121923c30ec211d8c693e747eba8a7414bc4351a23"},
    {file = "grpcio-1.60.1-cp38-cp38-manylinux_2_17_aarch64.whl", hash = "sha256:70c83bb530572917be20c21f3b6be92cd86b9aecb44b0c18b1d3b2cc3ae47df0"},
    {file = "grpcio-1.60.1-cp38-cp38-manylinux_2_17_i686.manylinux2014_i686.whl", hash = "sha256:9b106bc52e7f28170e624ba61cc7dc6829566e535a6ec68528f8e1afbed1c41f"},
    {file = "grpcio-1.60.1-cp38-cp38-manylinux_2_17_x86_64.manylinux2014_x86_64.whl", hash = "sha256:30e980cd6db1088c144b92fe376747328d5554bc7960ce583ec7b7d81cd47287"},
    {file = "grpcio-1.60.1-cp38-cp38-musllinux_1_1_i686.whl", hash = "sha256:0c5807e9152eff15f1d48f6b9ad3749196f79a4a050469d99eecb679be592acc"},
    {file = "grpcio-1.60.1-cp38-cp38-musllinux_1_1_x86_64.whl", hash = "sha256:f1c3dc536b3ee124e8b24feb7533e5c70b9f2ef833e3b2e5513b2897fd46763a"},
    {file = "grpcio-1.60.1-cp38-cp38-win32.whl", hash = "sha256:d7404cebcdb11bb5bd40bf94131faf7e9a7c10a6c60358580fe83913f360f929"},
    {file = "grpcio-1.60.1-cp38-cp38-win_amd64.whl", hash = "sha256:c8754c75f55781515a3005063d9a05878b2cfb3cb7e41d5401ad0cf19de14872"},
    {file = "grpcio-1.60.1-cp39-cp39-linux_armv7l.whl", hash = "sha256:0250a7a70b14000fa311de04b169cc7480be6c1a769b190769d347939d3232a8"},
    {file = "grpcio-1.60.1-cp39-cp39-macosx_10_10_universal2.whl", hash = "sha256:660fc6b9c2a9ea3bb2a7e64ba878c98339abaf1811edca904ac85e9e662f1d73"},
    {file = "grpcio-1.60.1-cp39-cp39-manylinux_2_17_aarch64.whl", hash = "sha256:76eaaba891083fcbe167aa0f03363311a9f12da975b025d30e94b93ac7a765fc"},
    {file = "grpcio-1.60.1-cp39-cp39-manylinux_2_17_i686.manylinux2014_i686.whl", hash = "sha256:e5d97c65ea7e097056f3d1ead77040ebc236feaf7f71489383d20f3b4c28412a"},
    {file = "grpcio-1.60.1-cp39-cp39-manylinux_2_17_x86_64.manylinux2014_x86_64.whl", hash = "sha256:2bb2a2911b028f01c8c64d126f6b632fcd8a9ac975aa1b3855766c94e4107180"},
    {file = "grpcio-1.60.1-cp39-cp39-musllinux_1_1_i686.whl", hash = "sha256:5a1ebbae7e2214f51b1f23b57bf98eeed2cf1ba84e4d523c48c36d5b2f8829ff"},
    {file = "grpcio-1.60.1-cp39-cp39-musllinux_1_1_x86_64.whl", hash = "sha256:9a66f4d2a005bc78e61d805ed95dedfcb35efa84b7bba0403c6d60d13a3de2d6"},
    {file = "grpcio-1.60.1-cp39-cp39-win32.whl", hash = "sha256:8d488fbdbf04283f0d20742b64968d44825617aa6717b07c006168ed16488804"},
    {file = "grpcio-1.60.1-cp39-cp39-win_amd64.whl", hash = "sha256:61b7199cd2a55e62e45bfb629a35b71fc2c0cb88f686a047f25b1112d3810904"},
    {file = "grpcio-1.60.1.tar.gz", hash = "sha256:dd1d3a8d1d2e50ad9b59e10aa7f07c7d1be2b367f3f2d33c5fade96ed5460962"},
]

[package.extras]
protobuf = ["grpcio-tools (>=1.60.1)"]

[[package]]
name = "numpy"
version = "1.24.4"
description = "Fundamental package for array computing in Python"
optional = false
python-versions = ">=3.8"
files = [
    {file = "numpy-1.24.4-cp310-cp310-macosx_10_9_x86_64.whl", hash = "sha256:c0bfb52d2169d58c1cdb8cc1f16989101639b34c7d3ce60ed70b19c63eba0b64"},
    {file = "numpy-1.24.4-cp310-cp310-macosx_11_0_arm64.whl", hash = "sha256:ed094d4f0c177b1b8e7aa9cba7d6ceed51c0e569a5318ac0ca9a090680a6a1b1"},
    {file = "numpy-1.24.4-cp310-cp310-manylinux_2_17_aarch64.manylinux2014_aarch64.whl", hash = "sha256:79fc682a374c4a8ed08b331bef9c5f582585d1048fa6d80bc6c35bc384eee9b4"},
    {file = "numpy-1.24.4-cp310-cp310-manylinux_2_17_x86_64.manylinux2014_x86_64.whl", hash = "sha256:7ffe43c74893dbf38c2b0a1f5428760a1a9c98285553c89e12d70a96a7f3a4d6"},
    {file = "numpy-1.24.4-cp310-cp310-win32.whl", hash = "sha256:4c21decb6ea94057331e111a5bed9a79d335658c27ce2adb580fb4d54f2ad9bc"},
    {file = "numpy-1.24.4-cp310-cp310-win_amd64.whl", hash = "sha256:b4bea75e47d9586d31e892a7401f76e909712a0fd510f58f5337bea9572c571e"},
    {file = "numpy-1.24.4-cp311-cp311-macosx_10_9_x86_64.whl", hash = "sha256:f136bab9c2cfd8da131132c2cf6cc27331dd6fae65f95f69dcd4ae3c3639c810"},
    {file = "numpy-1.24.4-cp311-cp311-macosx_11_0_arm64.whl", hash = "sha256:e2926dac25b313635e4d6cf4dc4e51c8c0ebfed60b801c799ffc4c32bf3d1254"},
    {file = "numpy-1.24.4-cp311-cp311-manylinux_2_17_aarch64.manylinux2014_aarch64.whl", hash = "sha256:222e40d0e2548690405b0b3c7b21d1169117391c2e82c378467ef9ab4c8f0da7"},
    {file = "numpy-1.24.4-cp311-cp311-manylinux_2_17_x86_64.manylinux2014_x86_64.whl", hash = "sha256:7215847ce88a85ce39baf9e89070cb860c98fdddacbaa6c0da3ffb31b3350bd5"},
    {file = "numpy-1.24.4-cp311-cp311-win32.whl", hash = "sha256:4979217d7de511a8d57f4b4b5b2b965f707768440c17cb70fbf254c4b225238d"},
    {file = "numpy-1.24.4-cp311-cp311-win_amd64.whl", hash = "sha256:b7b1fc9864d7d39e28f41d089bfd6353cb5f27ecd9905348c24187a768c79694"},
    {file = "numpy-1.24.4-cp38-cp38-macosx_10_9_x86_64.whl", hash = "sha256:1452241c290f3e2a312c137a9999cdbf63f78864d63c79039bda65ee86943f61"},
    {file = "numpy-1.24.4-cp38-cp38-macosx_11_0_arm64.whl", hash = "sha256:04640dab83f7c6c85abf9cd729c5b65f1ebd0ccf9de90b270cd61935eef0197f"},
    {file = "numpy-1.24.4-cp38-cp38-manylinux_2_17_aarch64.manylinux2014_aarch64.whl", hash = "sha256:a5425b114831d1e77e4b5d812b69d11d962e104095a5b9c3b641a218abcc050e"},
    {file = "numpy-1.24.4-cp38-cp38-manylinux_2_17_x86_64.manylinux2014_x86_64.whl", hash = "sha256:dd80e219fd4c71fc3699fc1dadac5dcf4fd882bfc6f7ec53d30fa197b8ee22dc"},
    {file = "numpy-1.24.4-cp38-cp38-win32.whl", hash = "sha256:4602244f345453db537be5314d3983dbf5834a9701b7723ec28923e2889e0bb2"},
    {file = "numpy-1.24.4-cp38-cp38-win_amd64.whl", hash = "sha256:692f2e0f55794943c5bfff12b3f56f99af76f902fc47487bdfe97856de51a706"},
    {file = "numpy-1.24.4-cp39-cp39-macosx_10_9_x86_64.whl", hash = "sha256:2541312fbf09977f3b3ad449c4e5f4bb55d0dbf79226d7724211acc905049400"},
    {file = "numpy-1.24.4-cp39-cp39-macosx_11_0_arm64.whl", hash = "sha256:9667575fb6d13c95f1b36aca12c5ee3356bf001b714fc354eb5465ce1609e62f"},
    {file = "numpy-1.24.4-cp39-cp39-manylinux_2_17_aarch64.manylinux2014_aarch64.whl", hash = "sha256:f3a86ed21e4f87050382c7bc96571755193c4c1392490744ac73d660e8f564a9"},
    {file = "numpy-1.24.4-cp39-cp39-manylinux_2_17_x86_64.manylinux2014_x86_64.whl", hash = "sha256:d11efb4dbecbdf22508d55e48d9c8384db795e1b7b51ea735289ff96613ff74d"},
    {file = "numpy-1.24.4-cp39-cp39-win32.whl", hash = "sha256:6620c0acd41dbcb368610bb2f4d83145674040025e5536954782467100aa8835"},
    {file = "numpy-1.24.4-cp39-cp39-win_amd64.whl", hash = "sha256:befe2bf740fd8373cf56149a5c23a0f601e82869598d41f8e188a0e9869926f8"},
    {file = "numpy-1.24.4-pp38-pypy38_pp73-macosx_10_9_x86_64.whl", hash = "sha256:31f13e25b4e304632a4619d0e0777662c2ffea99fcae2029556b17d8ff958aef"},
    {file = "numpy-1.24.4-pp38-pypy38_pp73-manylinux_2_17_x86_64.manylinux2014_x86_64.whl", hash = "sha256:95f7ac6540e95bc440ad77f56e520da5bf877f87dca58bd095288dce8940532a"},
    {file = "numpy-1.24.4-pp38-pypy38_pp73-win_amd64.whl", hash = "sha256:e98f220aa76ca2a977fe435f5b04d7b3470c0a2e6312907b37ba6068f26787f2"},
    {file = "numpy-1.24.4.tar.gz", hash = "sha256:80f5e3a4e498641401868df4208b74581206afbee7cf7b8329daae82676d9463"},
]

[[package]]
name = "packaging"
version = "23.2"
description = "Core utilities for Python packages"
optional = false
python-versions = ">=3.7"
files = [
    {file = "packaging-23.2-py3-none-any.whl", hash = "sha256:8c491190033a9af7e1d931d0b5dacc2ef47509b34dd0de67ed209b5203fc88c7"},
    {file = "packaging-23.2.tar.gz", hash = "sha256:048fb0e9405036518eaaf48a55953c750c11e1a1b68e0dd1a9d62ed0c092cfc5"},
]

[[package]]
name = "protobuf"
version = "3.20.3"
description = "Protocol Buffers"
optional = false
python-versions = ">=3.7"
files = [
    {file = "protobuf-3.20.3-cp310-cp310-manylinux2014_aarch64.whl", hash = "sha256:f4bd856d702e5b0d96a00ec6b307b0f51c1982c2bf9c0052cf9019e9a544ba99"},
    {file = "protobuf-3.20.3-cp310-cp310-manylinux_2_12_x86_64.manylinux2010_x86_64.whl", hash = "sha256:9aae4406ea63d825636cc11ffb34ad3379335803216ee3a856787bcf5ccc751e"},
    {file = "protobuf-3.20.3-cp310-cp310-win32.whl", hash = "sha256:28545383d61f55b57cf4df63eebd9827754fd2dc25f80c5253f9184235db242c"},
    {file = "protobuf-3.20.3-cp310-cp310-win_amd64.whl", hash = "sha256:67a3598f0a2dcbc58d02dd1928544e7d88f764b47d4a286202913f0b2801c2e7"},
    {file = "protobuf-3.20.3-cp36-cp36m-manylinux_2_5_x86_64.manylinux1_x86_64.whl", hash = "sha256:899dc660cd599d7352d6f10d83c95df430a38b410c1b66b407a6b29265d66469"},
    {file = "protobuf-3.20.3-cp37-cp37m-macosx_10_9_x86_64.whl", hash = "sha256:e64857f395505ebf3d2569935506ae0dfc4a15cb80dc25261176c784662cdcc4"},
    {file = "protobuf-3.20.3-cp37-cp37m-manylinux2014_aarch64.whl", hash = "sha256:d9e4432ff660d67d775c66ac42a67cf2453c27cb4d738fc22cb53b5d84c135d4"},
    {file = "protobuf-3.20.3-cp37-cp37m-manylinux_2_5_x86_64.manylinux1_x86_64.whl", hash = "sha256:74480f79a023f90dc6e18febbf7b8bac7508420f2006fabd512013c0c238f454"},
    {file = "protobuf-3.20.3-cp37-cp37m-win32.whl", hash = "sha256:b6cc7ba72a8850621bfec987cb72623e703b7fe2b9127a161ce61e61558ad905"},
    {file = "protobuf-3.20.3-cp37-cp37m-win_amd64.whl", hash = "sha256:8c0c984a1b8fef4086329ff8dd19ac77576b384079247c770f29cc8ce3afa06c"},
    {file = "protobuf-3.20.3-cp38-cp38-macosx_10_9_x86_64.whl", hash = "sha256:de78575669dddf6099a8a0f46a27e82a1783c557ccc38ee620ed8cc96d3be7d7"},
    {file = "protobuf-3.20.3-cp38-cp38-manylinux2014_aarch64.whl", hash = "sha256:f4c42102bc82a51108e449cbb32b19b180022941c727bac0cfd50170341f16ee"},
    {file = "protobuf-3.20.3-cp38-cp38-manylinux_2_5_x86_64.manylinux1_x86_64.whl", hash = "sha256:44246bab5dd4b7fbd3c0c80b6f16686808fab0e4aca819ade6e8d294a29c7050"},
    {file = "protobuf-3.20.3-cp38-cp38-win32.whl", hash = "sha256:c02ce36ec760252242a33967d51c289fd0e1c0e6e5cc9397e2279177716add86"},
    {file = "protobuf-3.20.3-cp38-cp38-win_amd64.whl", hash = "sha256:447d43819997825d4e71bf5769d869b968ce96848b6479397e29fc24c4a5dfe9"},
    {file = "protobuf-3.20.3-cp39-cp39-macosx_10_9_x86_64.whl", hash = "sha256:398a9e0c3eaceb34ec1aee71894ca3299605fa8e761544934378bbc6c97de23b"},
    {file = "protobuf-3.20.3-cp39-cp39-manylinux2014_aarch64.whl", hash = "sha256:bf01b5720be110540be4286e791db73f84a2b721072a3711efff6c324cdf074b"},
    {file = "protobuf-3.20.3-cp39-cp39-manylinux_2_5_x86_64.manylinux1_x86_64.whl", hash = "sha256:daa564862dd0d39c00f8086f88700fdbe8bc717e993a21e90711acfed02f2402"},
    {file = "protobuf-3.20.3-cp39-cp39-win32.whl", hash = "sha256:819559cafa1a373b7096a482b504ae8a857c89593cf3a25af743ac9ecbd23480"},
    {file = "protobuf-3.20.3-cp39-cp39-win_amd64.whl", hash = "sha256:03038ac1cfbc41aa21f6afcbcd357281d7521b4157926f30ebecc8d4ea59dcb7"},
    {file = "protobuf-3.20.3-py2.py3-none-any.whl", hash = "sha256:a7ca6d488aa8ff7f329d4c545b2dbad8ac31464f1d8b1c87ad1346717731e4db"},
    {file = "protobuf-3.20.3.tar.gz", hash = "sha256:2e3427429c9cffebf259491be0af70189607f365c2f41c7c3764af6f337105f2"},
]

[[package]]
name = "python-rapidjson"
version = "1.14"
description = "Python wrapper around rapidjson"
optional = false
python-versions = ">=3.6"
files = [
    {file = "python-rapidjson-1.14.tar.gz", hash = "sha256:26806f0a658c34b48d2951d8d3f846ca9deb93a34e664ef436db632a188b6779"},
    {file = "python_rapidjson-1.14-cp310-cp310-macosx_10_9_x86_64.whl", hash = "sha256:d93de3501eab05e546135c42154e99f3b580e1c74ac26b5a7e92877756cc4b21"},
    {file = "python_rapidjson-1.14-cp310-cp310-macosx_11_0_arm64.whl", hash = "sha256:40ea40077c88645c9f149c77285568dc3e0c9e91bc6a90f283109e5c89011c73"},
    {file = "python_rapidjson-1.14-cp310-cp310-manylinux_2_17_aarch64.manylinux2014_aarch64.whl", hash = "sha256:6a5231bf3a539125dcd19951f1db4568a2423cb21978f8bec95eda60fcc45f23"},
    {file = "python_rapidjson-1.14-cp310-cp310-manylinux_2_17_ppc64le.manylinux2014_ppc64le.whl", hash = "sha256:b9d34b28f47a96aae6f697eb09febf9cac81a9e7cef2f55b02bcee2b1650d994"},
    {file = "python_rapidjson-1.14-cp310-cp310-manylinux_2_17_x86_64.manylinux2014_x86_64.whl", hash = "sha256:f0ce716f9d8c2eb5ccd2807dbfd969e84f7ca86b09b9b56be27c1dee57dfaa9c"},
    {file = "python_rapidjson-1.14-cp310-cp310-manylinux_2_5_i686.manylinux1_i686.manylinux_2_17_i686.manylinux2014_i686.whl", hash = "sha256:4fba1cba0ad8cbb2292bba74d8440348f4bb9f260dd7654af485bfd38f2cecce"},
    {file = "python_rapidjson-1.14-cp310-cp310-musllinux_1_1_aarch64.whl", hash = "sha256:b4511becaccd7fce656173e30fae8eb93a2f456461318aba9c6653f426e4a574"},
    {file = "python_rapidjson-1.14-cp310-cp310-musllinux_1_1_i686.whl", hash = "sha256:8dfea0dbe9e307795befbce08d59c93b7f41ce7aa70c58aeb1496054ea18fd62"},
    {file = "python_rapidjson-1.14-cp310-cp310-musllinux_1_1_ppc64le.whl", hash = "sha256:b2aef38881acdd5b7bc191e95ae6c5bc18d97339fb42e38163a2ebd4dfd5e13d"},
    {file = "python_rapidjson-1.14-cp310-cp310-musllinux_1_1_x86_64.whl", hash = "sha256:449180f5f3cdee5dd7190ac06b147e3f4ca876abdf001a586ddde2c8c9ce6184"},
    {file = "python_rapidjson-1.14-cp310-cp310-win32.whl", hash = "sha256:79541cab64fe531b5ad8050004393fcd1ed4d73632abac57293e7230a7a6c349"},
    {file = "python_rapidjson-1.14-cp310-cp310-win_amd64.whl", hash = "sha256:c9b7857ebc3717035bf12e05ab05d3ba18255408776ab55a9b0658337a803d16"},
    {file = "python_rapidjson-1.14-cp311-cp311-macosx_10_9_x86_64.whl", hash = "sha256:7dacc5074f4a65588fbbcc309b0e3112c1b204dda647d5340e68c91a9bc15718"},
    {file = "python_rapidjson-1.14-cp311-cp311-macosx_11_0_arm64.whl", hash = "sha256:8f6e7b870857d9879076a5de11eb28eec978fd6aa2578af6178c56532c8bd4dd"},
    {file = "python_rapidjson-1.14-cp311-cp311-manylinux_2_17_aarch64.manylinux2014_aarch64.whl", hash = "sha256:f7ce2132531643fa9c2935146e28875c60a79fa0de1afc86951a2b09ef04b40a"},
    {file = "python_rapidjson-1.14-cp311-cp311-manylinux_2_17_ppc64le.manylinux2014_ppc64le.whl", hash = "sha256:6ef02eb912f9972772e1f8d3c87e90276c562d6641b87afe06728457fe63b3e9"},
    {file = "python_rapidjson-1.14-cp311-cp311-manylinux_2_17_x86_64.manylinux2014_x86_64.whl", hash = "sha256:1d2dfbbaa3be9f4cff96b89a2f2dc25589d50db00ff44799fc575775628342e8"},
    {file = "python_rapidjson-1.14-cp311-cp311-manylinux_2_5_i686.manylinux1_i686.manylinux_2_17_i686.manylinux2014_i686.whl", hash = "sha256:5f923a0e6f204145589dd451f99724ebbe10cc74750eecc4fef38f330d954c11"},
    {file = "python_rapidjson-1.14-cp311-cp311-musllinux_1_1_aarch64.whl", hash = "sha256:e80b3f618b34f9772e8691ed3fcb64eae703182267e217c18cbac5c8417ee6cd"},
    {file = "python_rapidjson-1.14-cp311-cp311-musllinux_1_1_i686.whl", hash = "sha256:2afd65129f71e850286c52386d4a0d9020aca536f7dfb5e382a02e68922ec887"},
    {file = "python_rapidjson-1.14-cp311-cp311-musllinux_1_1_ppc64le.whl", hash = "sha256:030c921779b225c9b4765dcfafecc7b18d2d9ded15529718bf8320d3f23ef428"},
    {file = "python_rapidjson-1.14-cp311-cp311-musllinux_1_1_x86_64.whl", hash = "sha256:d9c22ec1d1d7d1a4fb7f80815f2d75c6f6880f6c98a243c5bd04a77c2cef2a1b"},
    {file = "python_rapidjson-1.14-cp311-cp311-win32.whl", hash = "sha256:a03b4a7e5d2ef45a5e10eb6f75dbe504a3fc946e225cc1684fe3b6977210e234"},
    {file = "python_rapidjson-1.14-cp311-cp311-win_amd64.whl", hash = "sha256:a26c97b44586d718239f709151e98a1f8de96f0b932f508ad4b81673eda87c8e"},
    {file = "python_rapidjson-1.14-cp312-cp312-macosx_10_9_x86_64.whl", hash = "sha256:bdf4841848597259a1d8ca6ebbd4b2843a116f84bc722d1675800105902c6e74"},
    {file = "python_rapidjson-1.14-cp312-cp312-macosx_11_0_arm64.whl", hash = "sha256:3c1f11c2283f97817fe6dbf677569f297e9295c7856683e1e11fbac27b745fee"},
    {file = "python_rapidjson-1.14-cp312-cp312-manylinux_2_17_aarch64.manylinux2014_aarch64.whl", hash = "sha256:8b25c0db4a5cd2d3ac46643a70000d9499293b178f4677021ca87a8c87d4e52a"},
    {file = "python_rapidjson-1.14-cp312-cp312-manylinux_2_17_ppc64le.manylinux2014_ppc64le.whl", hash = "sha256:36d7269b23b79cf35315026fcc257ac6d2ac10a1d67f86e9d69484bef79b96fa"},
    {file = "python_rapidjson-1.14-cp312-cp312-manylinux_2_17_x86_64.manylinux2014_x86_64.whl", hash = "sha256:c05049fbc970be416522e4f68a3a55252a375065ddef78b2a821c64e9bfe8c3e"},
    {file = "python_rapidjson-1.14-cp312-cp312-manylinux_2_5_i686.manylinux1_i686.manylinux_2_17_i686.manylinux2014_i686.whl", hash = "sha256:012bdf6380ef6f807fd39b36c315548ad1de2f75346487d33a3326e4b2d7427b"},
    {file = "python_rapidjson-1.14-cp312-cp312-musllinux_1_1_aarch64.whl", hash = "sha256:43b53d5136de86e58591f645352544f4ca7471f675f51dd971bb04df847e9b39"},
    {file = "python_rapidjson-1.14-cp312-cp312-musllinux_1_1_i686.whl", hash = "sha256:150c464f5a7273cdf3caf21050724dc3746a5e6632c3a38206a4e49827e4d0ab"},
    {file = "python_rapidjson-1.14-cp312-cp312-musllinux_1_1_ppc64le.whl", hash = "sha256:0721d58740a00504711773fbb4380d7b4abf575a05f6dd348e259e3d4eab9c1e"},
    {file = "python_rapidjson-1.14-cp312-cp312-musllinux_1_1_x86_64.whl", hash = "sha256:5b3d72fd0997505c9ee16a1f92b589de029551bc0fbaa30f1cac63fdba6f7ad4"},
    {file = "python_rapidjson-1.14-cp312-cp312-win32.whl", hash = "sha256:2c36878511b9be19194a8c655113eafbab2f08c4e60856a84acbf81088520bb9"},
    {file = "python_rapidjson-1.14-cp312-cp312-win_amd64.whl", hash = "sha256:3d668824d110277547c186e8cea7de435ea592af33598579e5a9ff6f5c642847"},
    {file = "python_rapidjson-1.14-cp38-cp38-macosx_10_9_x86_64.whl", hash = "sha256:9a92ee79be231f94bfa7e62095dfffcb9ea032fc79526a8f072c9ab8d5ab8c14"},
    {file = "python_rapidjson-1.14-cp38-cp38-macosx_11_0_arm64.whl", hash = "sha256:bfe254cf72a58dee14b00eb423b6450b7290d509acabbde701cbde793bf8e177"},
    {file = "python_rapidjson-1.14-cp38-cp38-manylinux_2_17_aarch64.manylinux2014_aarch64.whl", hash = "sha256:2abcce7f4bb0cf4ecd3df7755f03798a7250cb5f584f263d4e045478f7b4b8a4"},
    {file = "python_rapidjson-1.14-cp38-cp38-manylinux_2_17_ppc64le.manylinux2014_ppc64le.whl", hash = "sha256:2f83e62cebafe42efd6e219479be35dff88f6ea0a98b8651129cc721c2736124"},
    {file = "python_rapidjson-1.14-cp38-cp38-manylinux_2_17_x86_64.manylinux2014_x86_64.whl", hash = "sha256:ef26c5af200148365fc41fd5594ac393065952baec26a9c37900925ea3575588"},
    {file = "python_rapidjson-1.14-cp38-cp38-manylinux_2_5_i686.manylinux1_i686.manylinux_2_17_i686.manylinux2014_i686.whl", hash = "sha256:79bef625d8debbd5170f01554e7986087625066bc24b37ca1ed1deea48f371bc"},
    {file = "python_rapidjson-1.14-cp38-cp38-musllinux_1_1_aarch64.whl", hash = "sha256:df8729273cd1bc8e8514b8c9b28cb2861d1f055a16103e962f99f376fb9447cb"},
    {file = "python_rapidjson-1.14-cp38-cp38-musllinux_1_1_i686.whl", hash = "sha256:a8d08eee8fe2fdd633238e4513ea37ff1dd45b34baa5d4204226043d885e7f99"},
    {file = "python_rapidjson-1.14-cp38-cp38-musllinux_1_1_ppc64le.whl", hash = "sha256:6dcac7681c17ef91beb346d1dd6f517dc7b1f20359194ebe4691fc0a496712d9"},
    {file = "python_rapidjson-1.14-cp38-cp38-musllinux_1_1_x86_64.whl", hash = "sha256:43a4746f4e7d94b8516add40bffd28feb394578505ffb1df30837482222b229f"},
    {file = "python_rapidjson-1.14-cp38-cp38-win32.whl", hash = "sha256:7e0008dbca662bd4ed043f570ce0f80e6f89d0ea789cd12cbb3ffc2101e7889e"},
    {file = "python_rapidjson-1.14-cp38-cp38-win_amd64.whl", hash = "sha256:bce51e5570881215dd5d8ffe7150578cbe0882cf9eebc8d2bbd6c7f20bfb17dc"},
    {file = "python_rapidjson-1.14-cp39-cp39-macosx_10_9_x86_64.whl", hash = "sha256:2f798972be1696b8070d4f6e0fb69d0785f6666a278bbba5073ce1af901cbac5"},
    {file = "python_rapidjson-1.14-cp39-cp39-macosx_11_0_arm64.whl", hash = "sha256:ad80879a0f2a65ab7ddac64f08b5c686dcbdb31168beca70a58fc07ddbe5bad2"},
    {file = "python_rapidjson-1.14-cp39-cp39-manylinux_2_17_aarch64.manylinux2014_aarch64.whl", hash = "sha256:8a820209ad42b62c16c96aca5653edc31bf3d93fdb8d822ea2f15b5aedd80974"},
    {file = "python_rapidjson-1.14-cp39-cp39-manylinux_2_17_ppc64le.manylinux2014_ppc64le.whl", hash = "sha256:77a9a31dd71737f3ab6508d4182be54241949b959d92260ffd29e5199973f1b4"},
    {file = "python_rapidjson-1.14-cp39-cp39-manylinux_2_17_x86_64.manylinux2014_x86_64.whl", hash = "sha256:1c993c0d60a50ae8233e184ce48840626ea017c3154aa72995910587860c1bcb"},
    {file = "python_rapidjson-1.14-cp39-cp39-manylinux_2_5_i686.manylinux1_i686.manylinux_2_17_i686.manylinux2014_i686.whl", hash = "sha256:d70de908184593261ea20084419d5e2419134e3b37bb7df2bfd22996ad2d51ad"},
    {file = "python_rapidjson-1.14-cp39-cp39-musllinux_1_1_aarch64.whl", hash = "sha256:afd9d5dea1e9237af093b7477c097f1073b402d6d3797378068f6c560c90f0c6"},
    {file = "python_rapidjson-1.14-cp39-cp39-musllinux_1_1_i686.whl", hash = "sha256:968f747bf4374c14e4f3c7e6a60fe2b15c7e738a705183c71707d6390964e646"},
    {file = "python_rapidjson-1.14-cp39-cp39-musllinux_1_1_ppc64le.whl", hash = "sha256:37055e7c0ca0823965189c544193db9f0402aed2632779797a67660e4bf7e53c"},
    {file = "python_rapidjson-1.14-cp39-cp39-musllinux_1_1_x86_64.whl", hash = "sha256:a40ed1dea1259480efbabdafd4741b790dbef79cbb5e9344b22757e224148088"},
    {file = "python_rapidjson-1.14-cp39-cp39-win32.whl", hash = "sha256:bf432624e462a9942e384d3c954d3085530765cedb72c877fd110f6eca5528e5"},
    {file = "python_rapidjson-1.14-cp39-cp39-win_amd64.whl", hash = "sha256:f827fc652ab51e3777b375d17867132351eb9b4e53578a139c24fb5c559fdb45"},
]

[[package]]
name = "tqdm"
version = "4.66.2"
description = "Fast, Extensible Progress Meter"
optional = false
python-versions = ">=3.7"
files = [
    {file = "tqdm-4.66.2-py3-none-any.whl", hash = "sha256:1ee4f8a893eb9bef51c6e35730cebf234d5d0b6bd112b0271e10ed7c24a02bd9"},
    {file = "tqdm-4.66.2.tar.gz", hash = "sha256:6cd52cdf0fef0e0f543299cfc96fec90d7b8a7e88745f411ec33eb44d5ed3531"},
]

[package.dependencies]
colorama = {version = "*", markers = "platform_system == \"Windows\""}

[package.extras]
dev = ["pytest (>=6)", "pytest-cov", "pytest-timeout", "pytest-xdist"]
notebook = ["ipywidgets (>=6)"]
slack = ["slack-sdk"]
telegram = ["requests"]

[[package]]
name = "tritonclient"
version = "2.36.0"
description = "Python client library and utilities for communicating with Triton Inference Server"
optional = false
python-versions = "*"
files = [
    {file = "tritonclient-2.36.0-py3-none-any.whl", hash = "sha256:583b06d5cc056dc307a6db61bca0a0dd85c1fee8a274fa11d5c4e8fc557be547"},
    {file = "tritonclient-2.36.0-py3-none-manylinux1_x86_64.whl", hash = "sha256:56a124e3f1901c5d392d00d8daa2de40156a1de1b4d3d3a4296b3e55c77a230d"},
]

[package.dependencies]
grpcio = {version = ">=1.41.0", optional = true, markers = "extra == \"grpc\""}
numpy = ">=1.19.1"
packaging = {version = ">=14.1", optional = true, markers = "extra == \"grpc\""}
protobuf = {version = ">=3.5.0,<4", optional = true, markers = "extra == \"grpc\""}
python-rapidjson = ">=0.9.1"

[package.extras]
all = ["aiohttp (>=3.8.1,<4.0.0)", "geventhttpclient (>=1.4.4,<=2.0.2)", "grpcio (>=1.41.0)", "numpy (>=1.19.1)", "packaging (>=14.1)", "protobuf (>=3.5.0,<4)", "python-rapidjson (>=0.9.1)"]
grpc = ["grpcio (>=1.41.0)", "numpy (>=1.19.1)", "packaging (>=14.1)", "protobuf (>=3.5.0,<4)", "python-rapidjson (>=0.9.1)"]
http = ["aiohttp (>=3.8.1,<4.0.0)", "geventhttpclient (>=1.4.4,<=2.0.2)", "numpy (>=1.19.1)", "python-rapidjson (>=0.9.1)"]

[metadata]
lock-version = "2.0"
python-versions = ">=3.8.0,<3.11.0"
content-hash = "f49361c785f451a1a07382c38cfa1be7e4aa4877d35b775624a5bb58b1c6ab83"
